
Microsoft Visual Studio Solution File, Format Version 12.00
# Visual Studio 15
VisualStudioVersion = 15.0.27130.2036
MinimumVisualStudioVersion = 10.0.40219.1
Project("{9A19103F-16F7-4668-BE54-9A1E7A4F7556}") = "WebAPI", "WebAPI\WebAPI.csproj", "{61435F45-0B25-4885-9925-96FEB3B9FFFF}"
EndProject
Project("{E53339B2-1760-4266-BCC7-CA923CBCF16C}") = "docker-compose", "docker-compose.dcproj", "{2A3140F2-BF56-4232-948B-2BB577A6CAC3}"
EndProject
Project("{9A19103F-16F7-4668-BE54-9A1E7A4F7556}") = "WebAPI.Tests", "WebAPI.Tests\WebAPI.Tests.csproj", "{0EF11FCB-7659-4D38-BEF8-2BE99529E968}"
EndProject
Project("{2150E333-8FDC-42A3-9474-1A3956D46DE8}") = "Solution Items", "Solution Items", "{F7CC74A4-3718-426C-9A0F-EFD5AAE0DE5B}"
	ProjectSection(SolutionItems) = preProject
		..\README.md = ..\README.md
	EndProjectSection
EndProject
Project("{9A19103F-16F7-4668-BE54-9A1E7A4F7556}") = "CoreWebAPI", "CoreWebAPI\CoreWebAPI.csproj", "{93BCA7BA-F0AA-4EA0-9128-EECCF77A5F8B}"
EndProject
Project("{9A19103F-16F7-4668-BE54-9A1E7A4F7556}") = "CoreWebAPI.Tests", "CoreWebAPI.Tests\CoreWebAPI.Tests.csproj", "{BB00B767-A89F-4844-9896-7996205FA712}"
EndProject
Project("{2150E333-8FDC-42A3-9474-1A3956D46DE8}") = "Provider", "Provider", "{4D739C8D-5A4D-4144-B1AB-2F9282165D3A}"
EndProject
Project("{2150E333-8FDC-42A3-9474-1A3956D46DE8}") = "Consumer", "Consumer", "{96EE7BBA-F8B6-4EC3-8226-2E69EBC45403}"
EndProject
Project("{2150E333-8FDC-42A3-9474-1A3956D46DE8}") = "Tests", "Tests", "{CB51C5A3-D29B-4746-832C-181D0F21004C}"
EndProject
Project("{2150E333-8FDC-42A3-9474-1A3956D46DE8}") = "Integration", "Integration", "{20CE736E-F2FF-4F2B-92ED-8719E81A4BA0}"
EndProject
Project("{9A19103F-16F7-4668-BE54-9A1E7A4F7556}") = "API.IntegrationTests", "Tests\API.IntegrationTests\API.IntegrationTests.csproj", "{DBFC0E74-E8FB-4872-A713-26EF25C97F1A}"
EndProject
Project("{2150E333-8FDC-42A3-9474-1A3956D46DE8}") = "WebUXI", "WebUXI", "{5F4BE932-D039-4481-A70B-449D8C60C535}"
EndProject
Project("{FAE04EC0-301F-11D3-BF4B-00C04F79EFBC}") = "Website", "..\Website\Website.csproj", "{69D53A6A-4B5A-4FE4-BEB1-D4AE22D6D321}"
EndProject
Global
	GlobalSection(SolutionConfigurationPlatforms) = preSolution
		Debug|Any CPU = Debug|Any CPU
		Release|Any CPU = Release|Any CPU
	EndGlobalSection
	GlobalSection(ProjectConfigurationPlatforms) = postSolution
		{61435F45-0B25-4885-9925-96FEB3B9FFFF}.Debug|Any CPU.ActiveCfg = Debug|Any CPU
		{61435F45-0B25-4885-9925-96FEB3B9FFFF}.Debug|Any CPU.Build.0 = Debug|Any CPU
		{61435F45-0B25-4885-9925-96FEB3B9FFFF}.Release|Any CPU.ActiveCfg = Release|Any CPU
		{61435F45-0B25-4885-9925-96FEB3B9FFFF}.Release|Any CPU.Build.0 = Release|Any CPU
		{2A3140F2-BF56-4232-948B-2BB577A6CAC3}.Debug|Any CPU.ActiveCfg = Debug|Any CPU
		{2A3140F2-BF56-4232-948B-2BB577A6CAC3}.Debug|Any CPU.Build.0 = Debug|Any CPU
		{2A3140F2-BF56-4232-948B-2BB577A6CAC3}.Release|Any CPU.ActiveCfg = Release|Any CPU
		{2A3140F2-BF56-4232-948B-2BB577A6CAC3}.Release|Any CPU.Build.0 = Release|Any CPU
		{0EF11FCB-7659-4D38-BEF8-2BE99529E968}.Debug|Any CPU.ActiveCfg = Debug|Any CPU
		{0EF11FCB-7659-4D38-BEF8-2BE99529E968}.Debug|Any CPU.Build.0 = Debug|Any CPU
		{0EF11FCB-7659-4D38-BEF8-2BE99529E968}.Release|Any CPU.ActiveCfg = Release|Any CPU
		{0EF11FCB-7659-4D38-BEF8-2BE99529E968}.Release|Any CPU.Build.0 = Release|Any CPU
		{93BCA7BA-F0AA-4EA0-9128-EECCF77A5F8B}.Debug|Any CPU.ActiveCfg = Debug|Any CPU
		{93BCA7BA-F0AA-4EA0-9128-EECCF77A5F8B}.Debug|Any CPU.Build.0 = Debug|Any CPU
		{93BCA7BA-F0AA-4EA0-9128-EECCF77A5F8B}.Release|Any CPU.ActiveCfg = Release|Any CPU
		{93BCA7BA-F0AA-4EA0-9128-EECCF77A5F8B}.Release|Any CPU.Build.0 = Release|Any CPU
		{BB00B767-A89F-4844-9896-7996205FA712}.Debug|Any CPU.ActiveCfg = Debug|Any CPU
		{BB00B767-A89F-4844-9896-7996205FA712}.Debug|Any CPU.Build.0 = Debug|Any CPU
		{BB00B767-A89F-4844-9896-7996205FA712}.Release|Any CPU.ActiveCfg = Release|Any CPU
		{BB00B767-A89F-4844-9896-7996205FA712}.Release|Any CPU.Build.0 = Release|Any CPU
		{DBFC0E74-E8FB-4872-A713-26EF25C97F1A}.Debug|Any CPU.ActiveCfg = Debug|Any CPU
		{DBFC0E74-E8FB-4872-A713-26EF25C97F1A}.Debug|Any CPU.Build.0 = Debug|Any CPU
		{DBFC0E74-E8FB-4872-A713-26EF25C97F1A}.Release|Any CPU.ActiveCfg = Release|Any CPU
		{DBFC0E74-E8FB-4872-A713-26EF25C97F1A}.Release|Any CPU.Build.0 = Release|Any CPU
		{69D53A6A-4B5A-4FE4-BEB1-D4AE22D6D321}.Debug|Any CPU.ActiveCfg = Debug|Any CPU
		{69D53A6A-4B5A-4FE4-BEB1-D4AE22D6D321}.Debug|Any CPU.Build.0 = Debug|Any CPU
		{69D53A6A-4B5A-4FE4-BEB1-D4AE22D6D321}.Release|Any CPU.ActiveCfg = Release|Any CPU
		{69D53A6A-4B5A-4FE4-BEB1-D4AE22D6D321}.Release|Any CPU.Build.0 = Release|Any CPU
	EndGlobalSection
	GlobalSection(SolutionProperties) = preSolution
		HideSolutionNode = FALSE
	EndGlobalSection
	GlobalSection(NestedProjects) = preSolution
		{61435F45-0B25-4885-9925-96FEB3B9FFFF} = {96EE7BBA-F8B6-4EC3-8226-2E69EBC45403}
		{0EF11FCB-7659-4D38-BEF8-2BE99529E968} = {96EE7BBA-F8B6-4EC3-8226-2E69EBC45403}
		{93BCA7BA-F0AA-4EA0-9128-EECCF77A5F8B} = {4D739C8D-5A4D-4144-B1AB-2F9282165D3A}
		{BB00B767-A89F-4844-9896-7996205FA712} = {4D739C8D-5A4D-4144-B1AB-2F9282165D3A}
		{20CE736E-F2FF-4F2B-92ED-8719E81A4BA0} = {CB51C5A3-D29B-4746-832C-181D0F21004C}
		{DBFC0E74-E8FB-4872-A713-26EF25C97F1A} = {20CE736E-F2FF-4F2B-92ED-8719E81A4BA0}
		{69D53A6A-4B5A-4FE4-BEB1-D4AE22D6D321} = {5F4BE932-D039-4481-A70B-449D8C60C535}
	EndGlobalSection
	GlobalSection(ExtensibilityGlobals) = postSolution
		SolutionGuid = {DD8699EA-9237-4CF3-9E77-661F6A1FAB85}
	EndGlobalSection
EndGlobal
